
Microsoft Visual Studio Solution File, Format Version 12.00
# Visual Studio Version 16
VisualStudioVersion = 16.0.31424.327
MinimumVisualStudioVersion = 10.0.40219.1
Project("{9A19103F-16F7-4668-BE54-9A1E7A4F7556}") = "ProjectWork", "ProjectWork.csproj", "{D39E00E8-736C-4C22-B96F-9E8E1E52F4B2}"
EndProject
Global
	GlobalSection(SolutionConfigurationPlatforms) = preSolution
		Debug|Any CPU = Debug|Any CPU
		Release|Any CPU = Release|Any CPU
	EndGlobalSection
	GlobalSection(ProjectConfigurationPlatforms) = postSolution
		{D39E00E8-736C-4C22-B96F-9E8E1E52F4B2}.Debug|Any CPU.ActiveCfg = Debug|Any CPU
		{D39E00E8-736C-4C22-B96F-9E8E1E52F4B2}.Debug|Any CPU.Build.0 = Debug|Any CPU
		{D39E00E8-736C-4C22-B96F-9E8E1E52F4B2}.Release|Any CPU.ActiveCfg = Release|Any CPU
		{D39E00E8-736C-4C22-B96F-9E8E1E52F4B2}.Release|Any CPU.Build.0 = Release|Any CPU
	EndGlobalSection
	GlobalSection(SolutionProperties) = preSolution
		HideSolutionNode = FALSE
	EndGlobalSection
	GlobalSection(ExtensibilityGlobals) = postSolution
		SolutionGuid = {AD1D715C-6A90-4519-98D7-8BCDC9D4A640}
	EndGlobalSection
EndGlobal
